
Microsoft Visual Studio Solution File, Format Version 12.00
# Visual Studio Version 16
VisualStudioVersion = 16.0.31105.61
MinimumVisualStudioVersion = 10.0.40219.1
Project("{FAE04EC0-301F-11D3-BF4B-00C04F79EFBC}") = "WebApplication4", "WebApplication4\WebApplication4.csproj", "{903BAC54-0378-422D-8B2B-1CDB8BCBA0E4}"
EndProject
Global
	GlobalSection(SolutionConfigurationPlatforms) = preSolution
		Debug|Any CPU = Debug|Any CPU
		Release|Any CPU = Release|Any CPU
	EndGlobalSection
	GlobalSection(ProjectConfigurationPlatforms) = postSolution
		{903BAC54-0378-422D-8B2B-1CDB8BCBA0E4}.Debug|Any CPU.ActiveCfg = Debug|Any CPU
		{903BAC54-0378-422D-8B2B-1CDB8BCBA0E4}.Debug|Any CPU.Build.0 = Debug|Any CPU
		{903BAC54-0378-422D-8B2B-1CDB8BCBA0E4}.Release|Any CPU.ActiveCfg = Release|Any CPU
		{903BAC54-0378-422D-8B2B-1CDB8BCBA0E4}.Release|Any CPU.Build.0 = Release|Any CPU
	EndGlobalSection
	GlobalSection(SolutionProperties) = preSolution
		HideSolutionNode = FALSE
	EndGlobalSection
	GlobalSection(ExtensibilityGlobals) = postSolution
		SolutionGuid = {B9504AC0-A14A-4A96-932E-F635F3FF91AD}
	EndGlobalSection
EndGlobal
